
Microsoft Visual Studio Solution File, Format Version 12.00
# Visual Studio 2012
Project("{2150E333-8FDC-42A3-9474-1A3956D46DE8}") = "SolidEdge", "SolidEdge", "{6CAA7DDE-1346-4FE1-81F9-C696C2C23DCF}"
EndProject
Project("{2150E333-8FDC-42A3-9474-1A3956D46DE8}") = "FileProperties", "FileProperties", "{D6377005-C389-4252-A4BC-37565CB5C4E4}"
EndProject
Project("{FAE04EC0-301F-11D3-BF4B-00C04F79EFBC}") = "ApplicationEvents", "SolidEdge\ApplicationEvents\ApplicationEvents.csproj", "{37F1FAB6-DE28-4EA1-A223-768251DD17BD}"
EndProject
Project("{FAE04EC0-301F-11D3-BF4B-00C04F79EFBC}") = "BatchPrint", "SolidEdge\BatchPrint\BatchPrint.csproj", "{048CB2DE-3885-4F96-90F3-7A93E8975660}"
EndProject
Project("{FAE04EC0-301F-11D3-BF4B-00C04F79EFBC}") = "BOM", "SolidEdge\BOM\BOM.csproj", "{38150385-B439-4CAB-AB23-7D856B042456}"
EndProject
Project("{FAE04EC0-301F-11D3-BF4B-00C04F79EFBC}") = "GlobalParameters", "SolidEdge\GlobalParameters\GlobalParameters.csproj", "{A8AE8C5C-A055-478C-8211-70E0CEC9FDFE}"
EndProject
Project("{FAE04EC0-301F-11D3-BF4B-00C04F79EFBC}") = "MouseEvents", "SolidEdge\MouseEvents\MouseEvents.csproj", "{0C027D66-6B63-49CE-82CE-9AB35340E242}"
EndProject
Project("{FAE04EC0-301F-11D3-BF4B-00C04F79EFBC}") = "OpenSave", "SolidEdge\OpenSave\OpenSave.csproj", "{9C3429B7-774A-4FA0-9BE6-06A0FF2E6C95}"
EndProject
Project("{FAE04EC0-301F-11D3-BF4B-00C04F79EFBC}") = "UnitsOfMeasure", "SolidEdge\UnitsOfMeasure\UnitsOfMeasure.csproj", "{6B52DF5A-3BC4-4CAC-BC75-A5D710FB55CD}"
EndProject
Project("{FAE04EC0-301F-11D3-BF4B-00C04F79EFBC}") = "ConsoleDemo", "FileProperties\ConsoleDemo\ConsoleDemo.csproj", "{C92C1916-1E58-41CD-8A6D-A88CF478B7F6}"
EndProject
Project("{FAE04EC0-301F-11D3-BF4B-00C04F79EFBC}") = "WinFormDemo", "FileProperties\WinFormDemo\WinFormDemo.csproj", "{19C293D3-6D3C-4A65-A308-2E7BD9029C5D}"
EndProject
Global
	GlobalSection(SolutionConfigurationPlatforms) = preSolution
		Debug|Any CPU = Debug|Any CPU
		Release|Any CPU = Release|Any CPU
	EndGlobalSection
	GlobalSection(ProjectConfigurationPlatforms) = postSolution
		{37F1FAB6-DE28-4EA1-A223-768251DD17BD}.Debug|Any CPU.ActiveCfg = Debug|Any CPU
		{37F1FAB6-DE28-4EA1-A223-768251DD17BD}.Debug|Any CPU.Build.0 = Debug|Any CPU
		{37F1FAB6-DE28-4EA1-A223-768251DD17BD}.Release|Any CPU.ActiveCfg = Release|Any CPU
		{37F1FAB6-DE28-4EA1-A223-768251DD17BD}.Release|Any CPU.Build.0 = Release|Any CPU
		{048CB2DE-3885-4F96-90F3-7A93E8975660}.Debug|Any CPU.ActiveCfg = Debug|Any CPU
		{048CB2DE-3885-4F96-90F3-7A93E8975660}.Debug|Any CPU.Build.0 = Debug|Any CPU
		{048CB2DE-3885-4F96-90F3-7A93E8975660}.Release|Any CPU.ActiveCfg = Release|Any CPU
		{048CB2DE-3885-4F96-90F3-7A93E8975660}.Release|Any CPU.Build.0 = Release|Any CPU
		{38150385-B439-4CAB-AB23-7D856B042456}.Debug|Any CPU.ActiveCfg = Debug|Any CPU
		{38150385-B439-4CAB-AB23-7D856B042456}.Debug|Any CPU.Build.0 = Debug|Any CPU
		{38150385-B439-4CAB-AB23-7D856B042456}.Release|Any CPU.ActiveCfg = Release|Any CPU
		{38150385-B439-4CAB-AB23-7D856B042456}.Release|Any CPU.Build.0 = Release|Any CPU
		{A8AE8C5C-A055-478C-8211-70E0CEC9FDFE}.Debug|Any CPU.ActiveCfg = Debug|Any CPU
		{A8AE8C5C-A055-478C-8211-70E0CEC9FDFE}.Debug|Any CPU.Build.0 = Debug|Any CPU
		{A8AE8C5C-A055-478C-8211-70E0CEC9FDFE}.Release|Any CPU.ActiveCfg = Release|Any CPU
		{A8AE8C5C-A055-478C-8211-70E0CEC9FDFE}.Release|Any CPU.Build.0 = Release|Any CPU
		{0C027D66-6B63-49CE-82CE-9AB35340E242}.Debug|Any CPU.ActiveCfg = Debug|Any CPU
		{0C027D66-6B63-49CE-82CE-9AB35340E242}.Debug|Any CPU.Build.0 = Debug|Any CPU
		{0C027D66-6B63-49CE-82CE-9AB35340E242}.Release|Any CPU.ActiveCfg = Release|Any CPU
		{0C027D66-6B63-49CE-82CE-9AB35340E242}.Release|Any CPU.Build.0 = Release|Any CPU
		{9C3429B7-774A-4FA0-9BE6-06A0FF2E6C95}.Debug|Any CPU.ActiveCfg = Debug|Any CPU
		{9C3429B7-774A-4FA0-9BE6-06A0FF2E6C95}.Debug|Any CPU.Build.0 = Debug|Any CPU
		{9C3429B7-774A-4FA0-9BE6-06A0FF2E6C95}.Release|Any CPU.ActiveCfg = Release|Any CPU
		{9C3429B7-774A-4FA0-9BE6-06A0FF2E6C95}.Release|Any CPU.Build.0 = Release|Any CPU
		{6B52DF5A-3BC4-4CAC-BC75-A5D710FB55CD}.Debug|Any CPU.ActiveCfg = Debug|Any CPU
		{6B52DF5A-3BC4-4CAC-BC75-A5D710FB55CD}.Debug|Any CPU.Build.0 = Debug|Any CPU
		{6B52DF5A-3BC4-4CAC-BC75-A5D710FB55CD}.Release|Any CPU.ActiveCfg = Release|Any CPU
		{6B52DF5A-3BC4-4CAC-BC75-A5D710FB55CD}.Release|Any CPU.Build.0 = Release|Any CPU
		{C92C1916-1E58-41CD-8A6D-A88CF478B7F6}.Debug|Any CPU.ActiveCfg = Debug|Any CPU
		{C92C1916-1E58-41CD-8A6D-A88CF478B7F6}.Debug|Any CPU.Build.0 = Debug|Any CPU
		{C92C1916-1E58-41CD-8A6D-A88CF478B7F6}.Release|Any CPU.ActiveCfg = Release|Any CPU
		{C92C1916-1E58-41CD-8A6D-A88CF478B7F6}.Release|Any CPU.Build.0 = Release|Any CPU
		{19C293D3-6D3C-4A65-A308-2E7BD9029C5D}.Debug|Any CPU.ActiveCfg = Debug|Any CPU
		{19C293D3-6D3C-4A65-A308-2E7BD9029C5D}.Debug|Any CPU.Build.0 = Debug|Any CPU
		{19C293D3-6D3C-4A65-A308-2E7BD9029C5D}.Release|Any CPU.ActiveCfg = Release|Any CPU
		{19C293D3-6D3C-4A65-A308-2E7BD9029C5D}.Release|Any CPU.Build.0 = Release|Any CPU
	EndGlobalSection
	GlobalSection(SolutionProperties) = preSolution
		HideSolutionNode = FALSE
	EndGlobalSection
	GlobalSection(NestedProjects) = preSolution
		{37F1FAB6-DE28-4EA1-A223-768251DD17BD} = {6CAA7DDE-1346-4FE1-81F9-C696C2C23DCF}
		{048CB2DE-3885-4F96-90F3-7A93E8975660} = {6CAA7DDE-1346-4FE1-81F9-C696C2C23DCF}
		{38150385-B439-4CAB-AB23-7D856B042456} = {6CAA7DDE-1346-4FE1-81F9-C696C2C23DCF}
		{A8AE8C5C-A055-478C-8211-70E0CEC9FDFE} = {6CAA7DDE-1346-4FE1-81F9-C696C2C23DCF}
		{0C027D66-6B63-49CE-82CE-9AB35340E242} = {6CAA7DDE-1346-4FE1-81F9-C696C2C23DCF}
		{9C3429B7-774A-4FA0-9BE6-06A0FF2E6C95} = {6CAA7DDE-1346-4FE1-81F9-C696C2C23DCF}
		{6B52DF5A-3BC4-4CAC-BC75-A5D710FB55CD} = {6CAA7DDE-1346-4FE1-81F9-C696C2C23DCF}
		{C92C1916-1E58-41CD-8A6D-A88CF478B7F6} = {D6377005-C389-4252-A4BC-37565CB5C4E4}
		{19C293D3-6D3C-4A65-A308-2E7BD9029C5D} = {D6377005-C389-4252-A4BC-37565CB5C4E4}
	EndGlobalSection
EndGlobal
