
Microsoft Visual Studio Solution File, Format Version 12.00
# Visual Studio 14
VisualStudioVersion = 14.0.24720.0
MinimumVisualStudioVersion = 10.0.40219.1
Project("{F184B08F-C81C-45F6-A57F-5ABD9991F28F}") = "CreateLinesIn45DegreeIncrements", "CreateLinesIn45DegreeIncrements\CreateLinesIn45DegreeIncrements.vbproj", "{8E7EF4BF-0C01-4782-8576-05D8E7B62DFF}"
EndProject
Global
	GlobalSection(SolutionConfigurationPlatforms) = preSolution
		Debug|Any CPU = Debug|Any CPU
		Release|Any CPU = Release|Any CPU
	EndGlobalSection
	GlobalSection(ProjectConfigurationPlatforms) = postSolution
		{8E7EF4BF-0C01-4782-8576-05D8E7B62DFF}.Debug|Any CPU.ActiveCfg = Debug|Any CPU
		{8E7EF4BF-0C01-4782-8576-05D8E7B62DFF}.Debug|Any CPU.Build.0 = Debug|Any CPU
		{8E7EF4BF-0C01-4782-8576-05D8E7B62DFF}.Release|Any CPU.ActiveCfg = Release|Any CPU
		{8E7EF4BF-0C01-4782-8576-05D8E7B62DFF}.Release|Any CPU.Build.0 = Release|Any CPU
	EndGlobalSection
	GlobalSection(SolutionProperties) = preSolution
		HideSolutionNode = FALSE
	EndGlobalSection
EndGlobal
