
Microsoft Visual Studio Solution File, Format Version 12.00
# Visual Studio 14
VisualStudioVersion = 14.0.24720.0
MinimumVisualStudioVersion = 10.0.40219.1
Project("{FAE04EC0-301F-11D3-BF4B-00C04F79EFBC}") = "CreateSuppressedFeatures", "CreateSuppressedFeatures\CreateSuppressedFeatures.csproj", "{6803C876-E24E-4D25-A10C-6841054C9E5F}"
EndProject
Global
	GlobalSection(SolutionConfigurationPlatforms) = preSolution
		Debug|Any CPU = Debug|Any CPU
		Release|Any CPU = Release|Any CPU
	EndGlobalSection
	GlobalSection(ProjectConfigurationPlatforms) = postSolution
		{6803C876-E24E-4D25-A10C-6841054C9E5F}.Debug|Any CPU.ActiveCfg = Debug|Any CPU
		{6803C876-E24E-4D25-A10C-6841054C9E5F}.Debug|Any CPU.Build.0 = Debug|Any CPU
		{6803C876-E24E-4D25-A10C-6841054C9E5F}.Release|Any CPU.ActiveCfg = Release|Any CPU
		{6803C876-E24E-4D25-A10C-6841054C9E5F}.Release|Any CPU.Build.0 = Release|Any CPU
	EndGlobalSection
	GlobalSection(SolutionProperties) = preSolution
		HideSolutionNode = FALSE
	EndGlobalSection
EndGlobal
