
Microsoft Visual Studio Solution File, Format Version 12.00
# Visual Studio 2012
Project("{FAE04EC0-301F-11D3-BF4B-00C04F79EFBC}") = "AddInDemo", "AddInDemo\AddInDemo.csproj", "{BE29190D-46FA-4859-AE2F-6A1ADEEBA81D}"
EndProject
Global
	GlobalSection(SolutionConfigurationPlatforms) = preSolution
		Debug|Any CPU = Debug|Any CPU
		Release|Any CPU = Release|Any CPU
	EndGlobalSection
	GlobalSection(ProjectConfigurationPlatforms) = postSolution
		{BE29190D-46FA-4859-AE2F-6A1ADEEBA81D}.Debug|Any CPU.ActiveCfg = Debug|Any CPU
		{BE29190D-46FA-4859-AE2F-6A1ADEEBA81D}.Debug|Any CPU.Build.0 = Debug|Any CPU
		{BE29190D-46FA-4859-AE2F-6A1ADEEBA81D}.Release|Any CPU.ActiveCfg = Release|Any CPU
		{BE29190D-46FA-4859-AE2F-6A1ADEEBA81D}.Release|Any CPU.Build.0 = Release|Any CPU
	EndGlobalSection
	GlobalSection(SolutionProperties) = preSolution
		HideSolutionNode = FALSE
	EndGlobalSection
EndGlobal
