<?xml version="1.0" encoding="utf-8"?>
<Project ToolsVersion="4.0" xmlns="http://schemas.microsoft.com/developer/msbuild/2003">
  <ItemGroup>
    <Filter Include="Source Files">
      <UniqueIdentifier>{4FC737F1-C7A5-4376-A066-2A32D752A2FF}</UniqueIdentifier>
      <Extensions>cpp;c;cc;cxx;def;odl;idl;hpj;bat;asm;asmx</Extensions>
    </Filter>
    <Filter Include="Header Files">
      <UniqueIdentifier>{93995380-89BD-4b04-88EB-625FBE52EBFB}</UniqueIdentifier>
      <Extensions>h;hpp;hxx;hm;inl;inc;xsd</Extensions>
    </Filter>
    <Filter Include="Resource Files">
      <UniqueIdentifier>{67DA6AB6-F800-4c08-8B7A-83BB121AAD01}</UniqueIdentifier>
      <Extensions>rc;ico;cur;bmp;dlg;rc2;rct;bin;rgs;gif;jpg;jpeg;jpe;resx;tiff;tif;png;wav;mfcribbon-ms</Extensions>
    </Filter>
  </ItemGroup>
  <ItemGroup>
    <Text Include="ReadMe.txt" />
  </ItemGroup>
  <ItemGroup>
    <ClCompile Include="DemoAddIn.cpp">
      <Filter>Source Files</Filter>
    </ClCompile>
    <ClCompile Include="stdafx.cpp">
      <Filter>Source Files</Filter>
    </ClCompile>
    <ClCompile Include="MyAddIn.cpp">
      <Filter>Source Files</Filter>
    </ClCompile>
    <ClCompile Include="SolidEdgeCommunity.cpp">
      <Filter>Source Files</Filter>
    </ClCompile>
    <ClCompile Include="MyViewOverlay.cpp">
      <Filter>Source Files</Filter>
    </ClCompile>
    <ClCompile Include="EdgeBarController.cpp">
      <Filter>Source Files</Filter>
    </ClCompile>
    <ClCompile Include="EdgeBarDocument.cpp">
      <Filter>Source Files</Filter>
    </ClCompile>
    <ClCompile Include="EdgeBarDialog.cpp">
      <Filter>Source Files</Filter>
    </ClCompile>
  </ItemGroup>
  <ItemGroup>
    <ClInclude Include="DemoAddIn.h">
      <Filter>Header Files</Filter>
    </ClInclude>
    <ClInclude Include="stdafx.h">
      <Filter>Header Files</Filter>
    </ClInclude>
    <ClInclude Include="targetver.h">
      <Filter>Header Files</Filter>
    </ClInclude>
    <ClInclude Include="Resource.h">
      <Filter>Header Files</Filter>
    </ClInclude>
    <ClInclude Include="MyAddIn.h">
      <Filter>Header Files</Filter>
    </ClInclude>
    <ClInclude Include="SolidEdgeCommunity.h">
      <Filter>Header Files</Filter>
    </ClInclude>
    <ClInclude Include="MyCommands.h">
      <Filter>Header Files</Filter>
    </ClInclude>
    <ClInclude Include="MyViewOverlay.h">
      <Filter>Header Files</Filter>
    </ClInclude>
    <ClInclude Include="EdgeBarController.h">
      <Filter>Header Files</Filter>
    </ClInclude>
    <ClInclude Include="EdgeBarDocument.h">
      <Filter>Header Files</Filter>
    </ClInclude>
    <ClInclude Include="EdgeBarDialog.h">
      <Filter>Header Files</Filter>
    </ClInclude>
    <ClInclude Include="MyStorage.h">
      <Filter>Header Files</Filter>
    </ClInclude>
  </ItemGroup>
  <ItemGroup>
    <None Include="res\DemoAddIn.rc2">
      <Filter>Resource Files</Filter>
    </None>
    <None Include="MyAddIn.rgs">
      <Filter>Resource Files</Filter>
    </None>
    <None Include="DemoAddIn.rgs">
      <Filter>Resource Files</Filter>
    </None>
  </ItemGroup>
  <ItemGroup>
    <ResourceCompile Include="DemoAddIn.rc">
      <Filter>Resource Files</Filter>
    </ResourceCompile>
  </ItemGroup>
  <ItemGroup>
    <Midl Include="DemoAddIn.idl">
      <Filter>Source Files</Filter>
    </Midl>
  </ItemGroup>
  <ItemGroup>
    <Image Include="res\BoundingBox_32.png">
      <Filter>Resource Files</Filter>
    </Image>
    <Image Include="res\Box_32x32.png">
      <Filter>Resource Files</Filter>
    </Image>
    <Image Include="res\Boxes_32.png">
      <Filter>Resource Files</Filter>
    </Image>
    <Image Include="res\Camera_32x32.png">
      <Filter>Resource Files</Filter>
    </Image>
    <Image Include="res\CommandPrompt_32x32.png">
      <Filter>Resource Files</Filter>
    </Image>
    <Image Include="res\EdgeBar_20x20.png">
      <Filter>Resource Files</Filter>
    </Image>
    <Image Include="res\Favorites_32x32.png">
      <Filter>Resource Files</Filter>
    </Image>
    <Image Include="res\Folder_16x16.png">
      <Filter>Resource Files</Filter>
    </Image>
    <Image Include="res\GdiPlus_32.png">
      <Filter>Resource Files</Filter>
    </Image>
    <Image Include="res\Help_32x32.png">
      <Filter>Resource Files</Filter>
    </Image>
    <Image Include="res\Monitor_16x16.png">
      <Filter>Resource Files</Filter>
    </Image>
    <Image Include="res\Notepad_32x32.png">
      <Filter>Resource Files</Filter>
    </Image>
    <Image Include="res\Photograph_32x32.png">
      <Filter>Resource Files</Filter>
    </Image>
    <Image Include="res\Printer_32x32.png">
      <Filter>Resource Files</Filter>
    </Image>
    <Image Include="res\Question_32x32.png">
      <Filter>Resource Files</Filter>
    </Image>
    <Image Include="res\Save_16x16.png">
      <Filter>Resource Files</Filter>
    </Image>
    <Image Include="res\Search_32x32.png">
      <Filter>Resource Files</Filter>
    </Image>
    <Image Include="res\Tools_32x32.png">
      <Filter>Resource Files</Filter>
    </Image>
  </ItemGroup>
</Project>