
Microsoft Visual Studio Solution File, Format Version 12.00
# Visual Studio 14
VisualStudioVersion = 14.0.24720.0
MinimumVisualStudioVersion = 10.0.40219.1
Project("{FAE04EC0-301F-11D3-BF4B-00C04F79EFBC}") = "CreateEtch", "CreateEtch\CreateEtch.csproj", "{C56D096F-F971-482C-9B78-3D4C0EA591FC}"
EndProject
Global
	GlobalSection(SolutionConfigurationPlatforms) = preSolution
		Debug|Any CPU = Debug|Any CPU
		Release|Any CPU = Release|Any CPU
	EndGlobalSection
	GlobalSection(ProjectConfigurationPlatforms) = postSolution
		{C56D096F-F971-482C-9B78-3D4C0EA591FC}.Debug|Any CPU.ActiveCfg = Debug|Any CPU
		{C56D096F-F971-482C-9B78-3D4C0EA591FC}.Debug|Any CPU.Build.0 = Debug|Any CPU
		{C56D096F-F971-482C-9B78-3D4C0EA591FC}.Release|Any CPU.ActiveCfg = Release|Any CPU
		{C56D096F-F971-482C-9B78-3D4C0EA591FC}.Release|Any CPU.Build.0 = Release|Any CPU
	EndGlobalSection
	GlobalSection(SolutionProperties) = preSolution
		HideSolutionNode = FALSE
	EndGlobalSection
EndGlobal
