
Microsoft Visual Studio Solution File, Format Version 12.00
# Visual Studio 14
VisualStudioVersion = 14.0.24720.0
MinimumVisualStudioVersion = 10.0.40219.1
Project("{F184B08F-C81C-45F6-A57F-5ABD9991F28F}") = "CreateFaceRotateByGeometry", "CreateFaceRotateByGeometry\CreateFaceRotateByGeometry.vbproj", "{EF55358A-C67A-4237-932A-8F7C65AE095B}"
EndProject
Global
	GlobalSection(SolutionConfigurationPlatforms) = preSolution
		Debug|Any CPU = Debug|Any CPU
		Release|Any CPU = Release|Any CPU
	EndGlobalSection
	GlobalSection(ProjectConfigurationPlatforms) = postSolution
		{EF55358A-C67A-4237-932A-8F7C65AE095B}.Debug|Any CPU.ActiveCfg = Debug|Any CPU
		{EF55358A-C67A-4237-932A-8F7C65AE095B}.Debug|Any CPU.Build.0 = Debug|Any CPU
		{EF55358A-C67A-4237-932A-8F7C65AE095B}.Release|Any CPU.ActiveCfg = Release|Any CPU
		{EF55358A-C67A-4237-932A-8F7C65AE095B}.Release|Any CPU.Build.0 = Release|Any CPU
	EndGlobalSection
	GlobalSection(SolutionProperties) = preSolution
		HideSolutionNode = FALSE
	EndGlobalSection
EndGlobal
